
Microsoft Visual Studio Solution File, Format Version 12.00
# Visual Studio 15
Project("{FAE04EC0-301F-11D3-BF4B-00C04F79EFBC}") = "Assembly-CSharp", "Assembly-CSharp.csproj", "{652BA5B1-D7EE-09BE-C595-16DEAEF3A0BC}"
EndProject
Project("{FAE04EC0-301F-11D3-BF4B-00C04F79EFBC}") = "Assembly-CSharp-Editor", "Assembly-CSharp-Editor.csproj", "{36AD6DFD-22E5-D1AC-C9E0-C28522D71329}"
EndProject
Project("{FAE04EC0-301F-11D3-BF4B-00C04F79EFBC}") = "Assembly-CSharp-Editor-firstpass", "Assembly-CSharp-Editor-firstpass.csproj", "{A1DA345E-4B9E-A540-1437-826FA2A6A274}"
EndProject
Global
	GlobalSection(SolutionConfigurationPlatforms) = preSolution
		Debug|Any CPU = Debug|Any CPU
		Release|Any CPU = Release|Any CPU
	EndGlobalSection
	GlobalSection(ProjectConfigurationPlatforms) = postSolution
		{652BA5B1-D7EE-09BE-C595-16DEAEF3A0BC}.Debug|Any CPU.ActiveCfg = Debug|Any CPU
		{652BA5B1-D7EE-09BE-C595-16DEAEF3A0BC}.Debug|Any CPU.Build.0 = Debug|Any CPU
		{652BA5B1-D7EE-09BE-C595-16DEAEF3A0BC}.Release|Any CPU.ActiveCfg = Release|Any CPU
		{652BA5B1-D7EE-09BE-C595-16DEAEF3A0BC}.Release|Any CPU.Build.0 = Release|Any CPU
		{36AD6DFD-22E5-D1AC-C9E0-C28522D71329}.Debug|Any CPU.ActiveCfg = Debug|Any CPU
		{36AD6DFD-22E5-D1AC-C9E0-C28522D71329}.Debug|Any CPU.Build.0 = Debug|Any CPU
		{36AD6DFD-22E5-D1AC-C9E0-C28522D71329}.Release|Any CPU.ActiveCfg = Release|Any CPU
		{36AD6DFD-22E5-D1AC-C9E0-C28522D71329}.Release|Any CPU.Build.0 = Release|Any CPU
		{A1DA345E-4B9E-A540-1437-826FA2A6A274}.Debug|Any CPU.ActiveCfg = Debug|Any CPU
		{A1DA345E-4B9E-A540-1437-826FA2A6A274}.Debug|Any CPU.Build.0 = Debug|Any CPU
		{A1DA345E-4B9E-A540-1437-826FA2A6A274}.Release|Any CPU.ActiveCfg = Release|Any CPU
		{A1DA345E-4B9E-A540-1437-826FA2A6A274}.Release|Any CPU.Build.0 = Release|Any CPU
	EndGlobalSection
	GlobalSection(SolutionProperties) = preSolution
		HideSolutionNode = FALSE
	EndGlobalSection
EndGlobal
